// !$*UTF8*$!
{
	archiveVersion = 1;
	classes = {
	};
	objectVersion = 56;
	objects = {

/* Begin PBXBuildFile section */
		5C16CBAA29D553E200ADAF0D /* Lottie in Frameworks */ = {isa = PBXBuildFile; productRef = 5C16CBA929D553E200ADAF0D /* Lottie */; };
		5C16CBAC29D553FD00ADAF0D /* emailAnimation.json in Resources */ = {isa = PBXBuildFile; fileRef = 5C16CBAB29D553FD00ADAF0D /* emailAnimation.json */; };
		5C16CBAE29D5545200ADAF0D /* LottieView.swift in Sources */ = {isa = PBXBuildFile; fileRef = 5C16CBAD29D5545200ADAF0D /* LottieView.swift */; };
		5C27C0A329B8C3CF008C1A0B /* TouchVisualizer.xcframework in Frameworks */ = {isa = PBXBuildFile; fileRef = 5C27C0A229B8C3CE008C1A0B /* TouchVisualizer.xcframework */; };
		5C27C0A429B8C3CF008C1A0B /* TouchVisualizer.xcframework in Embed Frameworks */ = {isa = PBXBuildFile; fileRef = 5C27C0A229B8C3CE008C1A0B /* TouchVisualizer.xcframework */; settings = {ATTRIBUTES = (CodeSignOnCopy, RemoveHeadersOnCopy, ); }; };
		5C27C0A729B8DC60008C1A0B /* UserWebRepository.swift in Sources */ = {isa = PBXBuildFile; fileRef = 5C27C0A629B8DC60008C1A0B /* UserWebRepository.swift */; };
		5C27C0A929B8DC66008C1A0B /* UserInteractor.swift in Sources */ = {isa = PBXBuildFile; fileRef = 5C27C0A829B8DC66008C1A0B /* UserInteractor.swift */; };
		5C27C0AB29B8E210008C1A0B /* UserEndpoints.swift in Sources */ = {isa = PBXBuildFile; fileRef = 5C27C0AA29B8E210008C1A0B /* UserEndpoints.swift */; };
		5C27C0AD29B8E562008C1A0B /* UserModels.swift in Sources */ = {isa = PBXBuildFile; fileRef = 5C27C0AC29B8E562008C1A0B /* UserModels.swift */; };
		5C27C0AF29B92F2E008C1A0B /* KeychainHelper.swift in Sources */ = {isa = PBXBuildFile; fileRef = 5C27C0AE29B92F2E008C1A0B /* KeychainHelper.swift */; };
		5C2E4DDB298B2931004A49B4 /* Icons.swift in Sources */ = {isa = PBXBuildFile; fileRef = 5C2E4DDA298B2931004A49B4 /* Icons.swift */; };
		5C2E4DDD298B2947004A49B4 /* Gradients.swift in Sources */ = {isa = PBXBuildFile; fileRef = 5C2E4DDC298B2947004A49B4 /* Gradients.swift */; };
		5C2E4DDF298B299C004A49B4 /* Colors.swift in Sources */ = {isa = PBXBuildFile; fileRef = 5C2E4DDE298B299C004A49B4 /* Colors.swift */; };
		5C2E4DE1298B3075004A49B4 /* Fields.swift in Sources */ = {isa = PBXBuildFile; fileRef = 5C2E4DE0298B3075004A49B4 /* Fields.swift */; };
		5C2E4DE5298B35B3004A49B4 /* UISizes.swift in Sources */ = {isa = PBXBuildFile; fileRef = 5C2E4DE4298B35B3004A49B4 /* UISizes.swift */; };
		5C2E4DE8298B3E5F004A49B4 /* RootView.swift in Sources */ = {isa = PBXBuildFile; fileRef = 5C2E4DE7298B3E5F004A49B4 /* RootView.swift */; };
		5C2E4DED298B3ECE004A49B4 /* HomeTabView.swift in Sources */ = {isa = PBXBuildFile; fileRef = 5C2E4DEC298B3ECE004A49B4 /* HomeTabView.swift */; };
		5C2E4DEF298B3EDA004A49B4 /* FriendsTabView.swift in Sources */ = {isa = PBXBuildFile; fileRef = 5C2E4DEE298B3EDA004A49B4 /* FriendsTabView.swift */; };
		5C2E4DF1298B3EE4004A49B4 /* AccountTabView.swift in Sources */ = {isa = PBXBuildFile; fileRef = 5C2E4DF0298B3EE4004A49B4 /* AccountTabView.swift */; };
		5C2E4DF3298B47FD004A49B4 /* Buttons.swift in Sources */ = {isa = PBXBuildFile; fileRef = 5C2E4DF2298B47FD004A49B4 /* Buttons.swift */; };
		5C2E4DF6298B4ADE004A49B4 /* AppState.swift in Sources */ = {isa = PBXBuildFile; fileRef = 5C2E4DF5298B4ADE004A49B4 /* AppState.swift */; };
		5C2E4DF8298B4CE5004A49B4 /* AuthRootView.swift in Sources */ = {isa = PBXBuildFile; fileRef = 5C2E4DF7298B4CE5004A49B4 /* AuthRootView.swift */; };
		5C2E4DFA298BBD0D004A49B4 /* SessionInteractor.swift in Sources */ = {isa = PBXBuildFile; fileRef = 5C2E4DF9298BBD0D004A49B4 /* SessionInteractor.swift */; };
		5C2E4DFC298BBF5A004A49B4 /* Enums.swift in Sources */ = {isa = PBXBuildFile; fileRef = 5C2E4DFB298BBF5A004A49B4 /* Enums.swift */; };
		5C2E4DFE298BC1FC004A49B4 /* AuthenticationOperationsTest.swift in Sources */ = {isa = PBXBuildFile; fileRef = 5C2E4DFD298BC1FC004A49B4 /* AuthenticationOperationsTest.swift */; };
		5C2E4E00298BC677004A49B4 /* AppStateInitialiser.swift in Sources */ = {isa = PBXBuildFile; fileRef = 5C2E4DFF298BC677004A49B4 /* AppStateInitialiser.swift */; };
		5C2F022529A6A89C0068A61B /* Extensions.swift in Sources */ = {isa = PBXBuildFile; fileRef = 5C2F022429A6A89C0068A61B /* Extensions.swift */; };
		5C2F022729A6A9950068A61B /* FriendListItemView.swift in Sources */ = {isa = PBXBuildFile; fileRef = 5C2F022629A6A9950068A61B /* FriendListItemView.swift */; };
		5C2F022929A6BB8E0068A61B /* AddNewFriendsView.swift in Sources */ = {isa = PBXBuildFile; fileRef = 5C2F022829A6BB8E0068A61B /* AddNewFriendsView.swift */; };
		5C37283529CE3FDA00FF32D1 /* LocationTracker.swift in Sources */ = {isa = PBXBuildFile; fileRef = 5C37283429CE3FDA00FF32D1 /* LocationTracker.swift */; };
		5C37283829D0B07F00FF32D1 /* SocketIO in Frameworks */ = {isa = PBXBuildFile; productRef = 5C37283729D0B07F00FF32D1 /* SocketIO */; };
		5C37283A29D0B26200FF32D1 /* SocketInteractor.swift in Sources */ = {isa = PBXBuildFile; fileRef = 5C37283929D0B26200FF32D1 /* SocketInteractor.swift */; };
		5C37283C29D1E09B00FF32D1 /* LocationInteractor.swift in Sources */ = {isa = PBXBuildFile; fileRef = 5C37283B29D1E09B00FF32D1 /* LocationInteractor.swift */; };
		5C37283E29D1E0A700FF32D1 /* LocationRepository.swift in Sources */ = {isa = PBXBuildFile; fileRef = 5C37283D29D1E0A700FF32D1 /* LocationRepository.swift */; };
		5C50CBEC2989A3CE008AEDA7 /* AppDelegate.swift in Sources */ = {isa = PBXBuildFile; fileRef = 5C50CBEB2989A3CE008AEDA7 /* AppDelegate.swift */; };
		5C50CBEE2989A3CE008AEDA7 /* ContentView.swift in Sources */ = {isa = PBXBuildFile; fileRef = 5C50CBED2989A3CE008AEDA7 /* ContentView.swift */; };
		5C50CBF02989A3D0008AEDA7 /* Assets.xcassets in Resources */ = {isa = PBXBuildFile; fileRef = 5C50CBEF2989A3D0008AEDA7 /* Assets.xcassets */; };
		5C50CBF32989A3D0008AEDA7 /* Preview Assets.xcassets in Resources */ = {isa = PBXBuildFile; fileRef = 5C50CBF22989A3D0008AEDA7 /* Preview Assets.xcassets */; };
		5C50CBFD2989A3D1008AEDA7 /* Help_AppTests.swift in Sources */ = {isa = PBXBuildFile; fileRef = 5C50CBFC2989A3D1008AEDA7 /* Help_AppTests.swift */; };
		5C50CC072989A3D1008AEDA7 /* Help_AppUITests.swift in Sources */ = {isa = PBXBuildFile; fileRef = 5C50CC062989A3D1008AEDA7 /* Help_AppUITests.swift */; };
		5C50CC092989A3D1008AEDA7 /* Help_AppUITestsLaunchTests.swift in Sources */ = {isa = PBXBuildFile; fileRef = 5C50CC082989A3D1008AEDA7 /* Help_AppUITestsLaunchTests.swift */; };
		5C50CC1E2989A6B8008AEDA7 /* Config.swift in Sources */ = {isa = PBXBuildFile; fileRef = 5C50CC1D2989A6B8008AEDA7 /* Config.swift */; };
		5C56000229BF4245007CB3E2 /* CriticalSituationCategoryFormView.swift in Sources */ = {isa = PBXBuildFile; fileRef = 5C56000129BF4245007CB3E2 /* CriticalSituationCategoryFormView.swift */; };
		5C56000429BF6265007CB3E2 /* FriendFormView.swift in Sources */ = {isa = PBXBuildFile; fileRef = 5C56000329BF6265007CB3E2 /* FriendFormView.swift */; };
		5C56000629BF683D007CB3E2 /* FriendFormItemView.swift in Sources */ = {isa = PBXBuildFile; fileRef = 5C56000529BF683D007CB3E2 /* FriendFormItemView.swift */; };
		5C56534029C03A5D006E3F5E /* NoteFormView.swift in Sources */ = {isa = PBXBuildFile; fileRef = 5C56533F29C03A5D006E3F5E /* NoteFormView.swift */; };
		5C56FFFF29BF30B0007CB3E2 /* AppContentEnums.swift in Sources */ = {isa = PBXBuildFile; fileRef = 5C56FFFE29BF30B0007CB3E2 /* AppContentEnums.swift */; };
		5C63C69B29D48F0500FF2632 /* UserLocationPin.swift in Sources */ = {isa = PBXBuildFile; fileRef = 5C63C69A29D48F0500FF2632 /* UserLocationPin.swift */; };
		5C6A8E6229C13CCD007C6D55 /* AudioRecorder.swift in Sources */ = {isa = PBXBuildFile; fileRef = 5C6A8E6129C13CCD007C6D55 /* AudioRecorder.swift */; };
		5C6A8E6429C2FD6F007C6D55 /* HelpRequestModels.swift in Sources */ = {isa = PBXBuildFile; fileRef = 5C6A8E6329C2FD6F007C6D55 /* HelpRequestModels.swift */; };
		5C6A8E6629C30990007C6D55 /* HelpWebRepository.swift in Sources */ = {isa = PBXBuildFile; fileRef = 5C6A8E6529C30990007C6D55 /* HelpWebRepository.swift */; };
		5C6A8E6829C30DD9007C6D55 /* HelpRequestEndpoints.swift in Sources */ = {isa = PBXBuildFile; fileRef = 5C6A8E6729C30DD9007C6D55 /* HelpRequestEndpoints.swift */; };
		5C6A8E6A29C3101E007C6D55 /* HelpInteractor.swift in Sources */ = {isa = PBXBuildFile; fileRef = 5C6A8E6929C3101E007C6D55 /* HelpInteractor.swift */; };
		5C94796229A40E51006234E9 /* AuthFlowModels.swift in Sources */ = {isa = PBXBuildFile; fileRef = 5C94796129A40E51006234E9 /* AuthFlowModels.swift */; };
		5C94796429A4F813006234E9 /* PermissionDescription.swift in Sources */ = {isa = PBXBuildFile; fileRef = 5C94796329A4F813006234E9 /* PermissionDescription.swift */; };
		5CB9FF9229CD423900D85FAD /* VictimHelpRequestView.swift in Sources */ = {isa = PBXBuildFile; fileRef = 5CB9FF9129CD423900D85FAD /* VictimHelpRequestView.swift */; };
		5CB9FF9429CD424700D85FAD /* RespondentHelpRequestView.swift in Sources */ = {isa = PBXBuildFile; fileRef = 5CB9FF9329CD424700D85FAD /* RespondentHelpRequestView.swift */; };
		5CB9FF9629CD431F00D85FAD /* TransparentSheet.swift in Sources */ = {isa = PBXBuildFile; fileRef = 5CB9FF9529CD431F00D85FAD /* TransparentSheet.swift */; };
		5CB9FF9829CD901400D85FAD /* HelpRequestState.swift in Sources */ = {isa = PBXBuildFile; fileRef = 5CB9FF9729CD901400D85FAD /* HelpRequestState.swift */; };
		5CB9FF9A29CE134400D85FAD /* UndimmedDetents.swift in Sources */ = {isa = PBXBuildFile; fileRef = 5CB9FF9929CE134400D85FAD /* UndimmedDetents.swift */; };
		5CC73AAC299DE3B000654047 /* WebRequestResultProtocol.swift in Sources */ = {isa = PBXBuildFile; fileRef = 5CC73AAB299DE3B000654047 /* WebRequestResultProtocol.swift */; };
		5CC73AAE299DE4DC00654047 /* RepositoryResponse.swift in Sources */ = {isa = PBXBuildFile; fileRef = 5CC73AAD299DE4DC00654047 /* RepositoryResponse.swift */; };
		5CC73AB0299DEB9100654047 /* URLSessionExtensions.swift in Sources */ = {isa = PBXBuildFile; fileRef = 5CC73AAF299DEB9100654047 /* URLSessionExtensions.swift */; };
		5CC73AB5299DF6D600654047 /* APIErrors.swift in Sources */ = {isa = PBXBuildFile; fileRef = 5CC73AB4299DF6D600654047 /* APIErrors.swift */; };
		5CC73AB7299E040A00654047 /* DependencyInjection.swift in Sources */ = {isa = PBXBuildFile; fileRef = 5CC73AB6299E040A00654047 /* DependencyInjection.swift */; };
		5CC73AB9299E04C900654047 /* Environment.swift in Sources */ = {isa = PBXBuildFile; fileRef = 5CC73AB8299E04C900654047 /* Environment.swift */; };
		5CC73ABB299E086E00654047 /* ResponseModel.swift in Sources */ = {isa = PBXBuildFile; fileRef = 5CC73ABA299E086E00654047 /* ResponseModel.swift */; };
		5CC73ABD299E0BF600654047 /* Repositories.swift in Sources */ = {isa = PBXBuildFile; fileRef = 5CC73ABC299E0BF600654047 /* Repositories.swift */; };
		5CC73ABF299E226800654047 /* SignUpFieldsView.swift in Sources */ = {isa = PBXBuildFile; fileRef = 5CC73ABE299E226800654047 /* SignUpFieldsView.swift */; };
		5CC73AC1299E22AD00654047 /* SignInFieldsView.swift in Sources */ = {isa = PBXBuildFile; fileRef = 5CC73AC0299E22AD00654047 /* SignInFieldsView.swift */; };
		5CC73AC3299E22BA00654047 /* VerifyEmailView.swift in Sources */ = {isa = PBXBuildFile; fileRef = 5CC73AC2299E22BA00654047 /* VerifyEmailView.swift */; };
		5CC73AC5299E22C100654047 /* PermissionsView.swift in Sources */ = {isa = PBXBuildFile; fileRef = 5CC73AC4299E22C100654047 /* PermissionsView.swift */; };
		5CC73AC7299E230700654047 /* AuthState.swift in Sources */ = {isa = PBXBuildFile; fileRef = 5CC73AC6299E230700654047 /* AuthState.swift */; };
		5CCBEF9A29D20C7B00F81063 /* PromptView.swift in Sources */ = {isa = PBXBuildFile; fileRef = 5CCBEF9929D20C7B00F81063 /* PromptView.swift */; };
		5CCBEF9C29D20C8400F81063 /* ThumbnailView.swift in Sources */ = {isa = PBXBuildFile; fileRef = 5CCBEF9B29D20C8400F81063 /* ThumbnailView.swift */; };
		5CD517F229BEA94C0087409B /* HelpRequestFormView.swift in Sources */ = {isa = PBXBuildFile; fileRef = 5CD517F129BEA94C0087409B /* HelpRequestFormView.swift */; };
		5CD517F429BEAA220087409B /* ProgressBarView.swift in Sources */ = {isa = PBXBuildFile; fileRef = 5CD517F329BEAA220087409B /* ProgressBarView.swift */; };
		5CD517F629BEB7260087409B /* CriticalSituationItemView.swift in Sources */ = {isa = PBXBuildFile; fileRef = 5CD517F529BEB7260087409B /* CriticalSituationItemView.swift */; };
		5CF827F429D4E6920035A8DA /* OnboardingTutorialView.swift in Sources */ = {isa = PBXBuildFile; fileRef = 5CF827F329D4E6920035A8DA /* OnboardingTutorialView.swift */; };
		5CFE169129950F4A001DF260 /* SessionWebRepository.swift in Sources */ = {isa = PBXBuildFile; fileRef = 5CFE169029950F4A001DF260 /* SessionWebRepository.swift */; };
		5CFE169429951073001DF260 /* SessionEndpoints.swift in Sources */ = {isa = PBXBuildFile; fileRef = 5CFE169329951073001DF260 /* SessionEndpoints.swift */; };
		5CFE16962995107C001DF260 /* AccountCreationEndpoints.swift in Sources */ = {isa = PBXBuildFile; fileRef = 5CFE16952995107C001DF260 /* AccountCreationEndpoints.swift */; };
		5CFE1698299510B8001DF260 /* EndpointProtocol.swift in Sources */ = {isa = PBXBuildFile; fileRef = 5CFE1697299510B8001DF260 /* EndpointProtocol.swift */; };
		5CFE169D29951AF9001DF260 /* Interactors.swift in Sources */ = {isa = PBXBuildFile; fileRef = 5CFE169C29951AF9001DF260 /* Interactors.swift */; };
		5CFE16A02995997E001DF260 /* SceneDelegate.swift in Sources */ = {isa = PBXBuildFile; fileRef = 5CFE169F2995997E001DF260 /* SceneDelegate.swift */; };
/* End PBXBuildFile section */

/* Begin PBXContainerItemProxy section */
		5C50CBF92989A3D1008AEDA7 /* PBXContainerItemProxy */ = {
			isa = PBXContainerItemProxy;
			containerPortal = 5C50CBE02989A3CE008AEDA7 /* Project object */;
			proxyType = 1;
			remoteGlobalIDString = 5C50CBE72989A3CE008AEDA7;
			remoteInfo = "Help App";
		};
		5C50CC032989A3D1008AEDA7 /* PBXContainerItemProxy */ = {
			isa = PBXContainerItemProxy;
			containerPortal = 5C50CBE02989A3CE008AEDA7 /* Project object */;
			proxyType = 1;
			remoteGlobalIDString = 5C50CBE72989A3CE008AEDA7;
			remoteInfo = "Help App";
		};
/* End PBXContainerItemProxy section */

/* Begin PBXCopyFilesBuildPhase section */
		5C27C0A529B8C3CF008C1A0B /* Embed Frameworks */ = {
			isa = PBXCopyFilesBuildPhase;
			buildActionMask = 2147483647;
			dstPath = "";
			dstSubfolderSpec = 10;
			files = (
				5C27C0A429B8C3CF008C1A0B /* TouchVisualizer.xcframework in Embed Frameworks */,
			);
			name = "Embed Frameworks";
			runOnlyForDeploymentPostprocessing = 0;
		};
/* End PBXCopyFilesBuildPhase section */

/* Begin PBXFileReference section */
		5C16CBAB29D553FD00ADAF0D /* emailAnimation.json */ = {isa = PBXFileReference; fileEncoding = 4; lastKnownFileType = text.json; path = emailAnimation.json; sourceTree = "<group>"; };
		5C16CBAD29D5545200ADAF0D /* LottieView.swift */ = {isa = PBXFileReference; lastKnownFileType = sourcecode.swift; path = LottieView.swift; sourceTree = "<group>"; };
		5C27C09D29B8C1AB008C1A0B /* TouchVisualizer.xcframework */ = {isa = PBXFileReference; lastKnownFileType = wrapper.xcframework; name = TouchVisualizer.xcframework; path = "Help App/Carthage/Build/TouchVisualizer.xcframework"; sourceTree = "<group>"; };
		5C27C0A229B8C3CE008C1A0B /* TouchVisualizer.xcframework */ = {isa = PBXFileReference; lastKnownFileType = wrapper.xcframework; name = TouchVisualizer.xcframework; path = Carthage/Build/TouchVisualizer.xcframework; sourceTree = "<group>"; };
		5C27C0A629B8DC60008C1A0B /* UserWebRepository.swift */ = {isa = PBXFileReference; lastKnownFileType = sourcecode.swift; path = UserWebRepository.swift; sourceTree = "<group>"; };
		5C27C0A829B8DC66008C1A0B /* UserInteractor.swift */ = {isa = PBXFileReference; lastKnownFileType = sourcecode.swift; path = UserInteractor.swift; sourceTree = "<group>"; };
		5C27C0AA29B8E210008C1A0B /* UserEndpoints.swift */ = {isa = PBXFileReference; lastKnownFileType = sourcecode.swift; path = UserEndpoints.swift; sourceTree = "<group>"; };
		5C27C0AC29B8E562008C1A0B /* UserModels.swift */ = {isa = PBXFileReference; lastKnownFileType = sourcecode.swift; path = UserModels.swift; sourceTree = "<group>"; };
		5C27C0AE29B92F2E008C1A0B /* KeychainHelper.swift */ = {isa = PBXFileReference; lastKnownFileType = sourcecode.swift; path = KeychainHelper.swift; sourceTree = "<group>"; };
		5C2E4DDA298B2931004A49B4 /* Icons.swift */ = {isa = PBXFileReference; lastKnownFileType = sourcecode.swift; path = Icons.swift; sourceTree = "<group>"; };
		5C2E4DDC298B2947004A49B4 /* Gradients.swift */ = {isa = PBXFileReference; lastKnownFileType = sourcecode.swift; path = Gradients.swift; sourceTree = "<group>"; };
		5C2E4DDE298B299C004A49B4 /* Colors.swift */ = {isa = PBXFileReference; lastKnownFileType = sourcecode.swift; path = Colors.swift; sourceTree = "<group>"; };
		5C2E4DE0298B3075004A49B4 /* Fields.swift */ = {isa = PBXFileReference; lastKnownFileType = sourcecode.swift; path = Fields.swift; sourceTree = "<group>"; };
		5C2E4DE4298B35B3004A49B4 /* UISizes.swift */ = {isa = PBXFileReference; lastKnownFileType = sourcecode.swift; path = UISizes.swift; sourceTree = "<group>"; };
		5C2E4DE7298B3E5F004A49B4 /* RootView.swift */ = {isa = PBXFileReference; lastKnownFileType = sourcecode.swift; path = RootView.swift; sourceTree = "<group>"; };
		5C2E4DEC298B3ECE004A49B4 /* HomeTabView.swift */ = {isa = PBXFileReference; lastKnownFileType = sourcecode.swift; path = HomeTabView.swift; sourceTree = "<group>"; };
		5C2E4DEE298B3EDA004A49B4 /* FriendsTabView.swift */ = {isa = PBXFileReference; lastKnownFileType = sourcecode.swift; path = FriendsTabView.swift; sourceTree = "<group>"; };
		5C2E4DF0298B3EE4004A49B4 /* AccountTabView.swift */ = {isa = PBXFileReference; lastKnownFileType = sourcecode.swift; path = AccountTabView.swift; sourceTree = "<group>"; };
		5C2E4DF2298B47FD004A49B4 /* Buttons.swift */ = {isa = PBXFileReference; lastKnownFileType = sourcecode.swift; path = Buttons.swift; sourceTree = "<group>"; };
		5C2E4DF5298B4ADE004A49B4 /* AppState.swift */ = {isa = PBXFileReference; lastKnownFileType = sourcecode.swift; path = AppState.swift; sourceTree = "<group>"; };
		5C2E4DF7298B4CE5004A49B4 /* AuthRootView.swift */ = {isa = PBXFileReference; lastKnownFileType = sourcecode.swift; path = AuthRootView.swift; sourceTree = "<group>"; };
		5C2E4DF9298BBD0D004A49B4 /* SessionInteractor.swift */ = {isa = PBXFileReference; lastKnownFileType = sourcecode.swift; path = SessionInteractor.swift; sourceTree = "<group>"; };
		5C2E4DFB298BBF5A004A49B4 /* Enums.swift */ = {isa = PBXFileReference; lastKnownFileType = sourcecode.swift; path = Enums.swift; sourceTree = "<group>"; };
		5C2E4DFD298BC1FC004A49B4 /* AuthenticationOperationsTest.swift */ = {isa = PBXFileReference; lastKnownFileType = sourcecode.swift; path = AuthenticationOperationsTest.swift; sourceTree = "<group>"; };
		5C2E4DFF298BC677004A49B4 /* AppStateInitialiser.swift */ = {isa = PBXFileReference; lastKnownFileType = sourcecode.swift; path = AppStateInitialiser.swift; sourceTree = "<group>"; };
		5C2F022429A6A89C0068A61B /* Extensions.swift */ = {isa = PBXFileReference; lastKnownFileType = sourcecode.swift; path = Extensions.swift; sourceTree = "<group>"; };
		5C2F022629A6A9950068A61B /* FriendListItemView.swift */ = {isa = PBXFileReference; lastKnownFileType = sourcecode.swift; path = FriendListItemView.swift; sourceTree = "<group>"; };
		5C2F022829A6BB8E0068A61B /* AddNewFriendsView.swift */ = {isa = PBXFileReference; lastKnownFileType = sourcecode.swift; path = AddNewFriendsView.swift; sourceTree = "<group>"; };
		5C37283429CE3FDA00FF32D1 /* LocationTracker.swift */ = {isa = PBXFileReference; lastKnownFileType = sourcecode.swift; path = LocationTracker.swift; sourceTree = "<group>"; };
		5C37283929D0B26200FF32D1 /* SocketInteractor.swift */ = {isa = PBXFileReference; lastKnownFileType = sourcecode.swift; path = SocketInteractor.swift; sourceTree = "<group>"; };
		5C37283B29D1E09B00FF32D1 /* LocationInteractor.swift */ = {isa = PBXFileReference; lastKnownFileType = sourcecode.swift; path = LocationInteractor.swift; sourceTree = "<group>"; };
		5C37283D29D1E0A700FF32D1 /* LocationRepository.swift */ = {isa = PBXFileReference; lastKnownFileType = sourcecode.swift; path = LocationRepository.swift; sourceTree = "<group>"; };
		5C50CBE82989A3CE008AEDA7 /* Help App.app */ = {isa = PBXFileReference; explicitFileType = wrapper.application; includeInIndex = 0; path = "Help App.app"; sourceTree = BUILT_PRODUCTS_DIR; };
		5C50CBEB2989A3CE008AEDA7 /* AppDelegate.swift */ = {isa = PBXFileReference; lastKnownFileType = sourcecode.swift; path = AppDelegate.swift; sourceTree = "<group>"; };
		5C50CBED2989A3CE008AEDA7 /* ContentView.swift */ = {isa = PBXFileReference; lastKnownFileType = sourcecode.swift; path = ContentView.swift; sourceTree = "<group>"; };
		5C50CBEF2989A3D0008AEDA7 /* Assets.xcassets */ = {isa = PBXFileReference; lastKnownFileType = folder.assetcatalog; path = Assets.xcassets; sourceTree = "<group>"; };
		5C50CBF22989A3D0008AEDA7 /* Preview Assets.xcassets */ = {isa = PBXFileReference; lastKnownFileType = folder.assetcatalog; path = "Preview Assets.xcassets"; sourceTree = "<group>"; };
		5C50CBF82989A3D1008AEDA7 /* Help AppTests.xctest */ = {isa = PBXFileReference; explicitFileType = wrapper.cfbundle; includeInIndex = 0; path = "Help AppTests.xctest"; sourceTree = BUILT_PRODUCTS_DIR; };
		5C50CBFC2989A3D1008AEDA7 /* Help_AppTests.swift */ = {isa = PBXFileReference; lastKnownFileType = sourcecode.swift; path = Help_AppTests.swift; sourceTree = "<group>"; };
		5C50CC022989A3D1008AEDA7 /* Help AppUITests.xctest */ = {isa = PBXFileReference; explicitFileType = wrapper.cfbundle; includeInIndex = 0; path = "Help AppUITests.xctest"; sourceTree = BUILT_PRODUCTS_DIR; };
		5C50CC062989A3D1008AEDA7 /* Help_AppUITests.swift */ = {isa = PBXFileReference; lastKnownFileType = sourcecode.swift; path = Help_AppUITests.swift; sourceTree = "<group>"; };
		5C50CC082989A3D1008AEDA7 /* Help_AppUITestsLaunchTests.swift */ = {isa = PBXFileReference; lastKnownFileType = sourcecode.swift; path = Help_AppUITestsLaunchTests.swift; sourceTree = "<group>"; };
		5C50CC152989A443008AEDA7 /* Help-App-Info.plist */ = {isa = PBXFileReference; lastKnownFileType = text.plist; path = "Help-App-Info.plist"; sourceTree = SOURCE_ROOT; };
		5C50CC162989A466008AEDA7 /* Help App.entitlements */ = {isa = PBXFileReference; lastKnownFileType = text.plist.entitlements; path = "Help App.entitlements"; sourceTree = "<group>"; };
		5C50CC1D2989A6B8008AEDA7 /* Config.swift */ = {isa = PBXFileReference; lastKnownFileType = sourcecode.swift; path = Config.swift; sourceTree = "<group>"; };
		5C56000129BF4245007CB3E2 /* CriticalSituationCategoryFormView.swift */ = {isa = PBXFileReference; lastKnownFileType = sourcecode.swift; path = CriticalSituationCategoryFormView.swift; sourceTree = "<group>"; };
		5C56000329BF6265007CB3E2 /* FriendFormView.swift */ = {isa = PBXFileReference; lastKnownFileType = sourcecode.swift; path = FriendFormView.swift; sourceTree = "<group>"; };
		5C56000529BF683D007CB3E2 /* FriendFormItemView.swift */ = {isa = PBXFileReference; lastKnownFileType = sourcecode.swift; path = FriendFormItemView.swift; sourceTree = "<group>"; };
		5C56533F29C03A5D006E3F5E /* NoteFormView.swift */ = {isa = PBXFileReference; lastKnownFileType = sourcecode.swift; path = NoteFormView.swift; sourceTree = "<group>"; };
		5C56FFFE29BF30B0007CB3E2 /* AppContentEnums.swift */ = {isa = PBXFileReference; lastKnownFileType = sourcecode.swift; path = AppContentEnums.swift; sourceTree = "<group>"; };
		5C63C69A29D48F0500FF2632 /* UserLocationPin.swift */ = {isa = PBXFileReference; lastKnownFileType = sourcecode.swift; path = UserLocationPin.swift; sourceTree = "<group>"; };
		5C6A8E6129C13CCD007C6D55 /* AudioRecorder.swift */ = {isa = PBXFileReference; lastKnownFileType = sourcecode.swift; path = AudioRecorder.swift; sourceTree = "<group>"; };
		5C6A8E6329C2FD6F007C6D55 /* HelpRequestModels.swift */ = {isa = PBXFileReference; lastKnownFileType = sourcecode.swift; path = HelpRequestModels.swift; sourceTree = "<group>"; };
		5C6A8E6529C30990007C6D55 /* HelpWebRepository.swift */ = {isa = PBXFileReference; lastKnownFileType = sourcecode.swift; path = HelpWebRepository.swift; sourceTree = "<group>"; };
		5C6A8E6729C30DD9007C6D55 /* HelpRequestEndpoints.swift */ = {isa = PBXFileReference; lastKnownFileType = sourcecode.swift; path = HelpRequestEndpoints.swift; sourceTree = "<group>"; };
		5C6A8E6929C3101E007C6D55 /* HelpInteractor.swift */ = {isa = PBXFileReference; lastKnownFileType = sourcecode.swift; path = HelpInteractor.swift; sourceTree = "<group>"; };
		5C94796129A40E51006234E9 /* AuthFlowModels.swift */ = {isa = PBXFileReference; lastKnownFileType = sourcecode.swift; path = AuthFlowModels.swift; sourceTree = "<group>"; };
		5C94796329A4F813006234E9 /* PermissionDescription.swift */ = {isa = PBXFileReference; lastKnownFileType = sourcecode.swift; path = PermissionDescription.swift; sourceTree = "<group>"; };
		5CB9FF9129CD423900D85FAD /* VictimHelpRequestView.swift */ = {isa = PBXFileReference; lastKnownFileType = sourcecode.swift; path = VictimHelpRequestView.swift; sourceTree = "<group>"; };
		5CB9FF9329CD424700D85FAD /* RespondentHelpRequestView.swift */ = {isa = PBXFileReference; lastKnownFileType = sourcecode.swift; path = RespondentHelpRequestView.swift; sourceTree = "<group>"; };
		5CB9FF9529CD431F00D85FAD /* TransparentSheet.swift */ = {isa = PBXFileReference; lastKnownFileType = sourcecode.swift; path = TransparentSheet.swift; sourceTree = "<group>"; };
		5CB9FF9729CD901400D85FAD /* HelpRequestState.swift */ = {isa = PBXFileReference; lastKnownFileType = sourcecode.swift; path = HelpRequestState.swift; sourceTree = "<group>"; };
		5CB9FF9929CE134400D85FAD /* UndimmedDetents.swift */ = {isa = PBXFileReference; lastKnownFileType = sourcecode.swift; path = UndimmedDetents.swift; sourceTree = "<group>"; };
		5CC73AAB299DE3B000654047 /* WebRequestResultProtocol.swift */ = {isa = PBXFileReference; lastKnownFileType = sourcecode.swift; path = WebRequestResultProtocol.swift; sourceTree = "<group>"; };
		5CC73AAD299DE4DC00654047 /* RepositoryResponse.swift */ = {isa = PBXFileReference; lastKnownFileType = sourcecode.swift; path = RepositoryResponse.swift; sourceTree = "<group>"; };
		5CC73AAF299DEB9100654047 /* URLSessionExtensions.swift */ = {isa = PBXFileReference; lastKnownFileType = sourcecode.swift; path = URLSessionExtensions.swift; sourceTree = "<group>"; };
		5CC73AB4299DF6D600654047 /* APIErrors.swift */ = {isa = PBXFileReference; lastKnownFileType = sourcecode.swift; path = APIErrors.swift; sourceTree = "<group>"; };
		5CC73AB6299E040A00654047 /* DependencyInjection.swift */ = {isa = PBXFileReference; lastKnownFileType = sourcecode.swift; path = DependencyInjection.swift; sourceTree = "<group>"; };
		5CC73AB8299E04C900654047 /* Environment.swift */ = {isa = PBXFileReference; lastKnownFileType = sourcecode.swift; path = Environment.swift; sourceTree = "<group>"; };
		5CC73ABA299E086E00654047 /* ResponseModel.swift */ = {isa = PBXFileReference; lastKnownFileType = sourcecode.swift; path = ResponseModel.swift; sourceTree = "<group>"; };
		5CC73ABC299E0BF600654047 /* Repositories.swift */ = {isa = PBXFileReference; lastKnownFileType = sourcecode.swift; path = Repositories.swift; sourceTree = "<group>"; };
		5CC73ABE299E226800654047 /* SignUpFieldsView.swift */ = {isa = PBXFileReference; lastKnownFileType = sourcecode.swift; path = SignUpFieldsView.swift; sourceTree = "<group>"; };
		5CC73AC0299E22AD00654047 /* SignInFieldsView.swift */ = {isa = PBXFileReference; lastKnownFileType = sourcecode.swift; path = SignInFieldsView.swift; sourceTree = "<group>"; };
		5CC73AC2299E22BA00654047 /* VerifyEmailView.swift */ = {isa = PBXFileReference; lastKnownFileType = sourcecode.swift; path = VerifyEmailView.swift; sourceTree = "<group>"; };
		5CC73AC4299E22C100654047 /* PermissionsView.swift */ = {isa = PBXFileReference; lastKnownFileType = sourcecode.swift; path = PermissionsView.swift; sourceTree = "<group>"; };
		5CC73AC6299E230700654047 /* AuthState.swift */ = {isa = PBXFileReference; lastKnownFileType = sourcecode.swift; path = AuthState.swift; sourceTree = "<group>"; };
		5CCBEF9929D20C7B00F81063 /* PromptView.swift */ = {isa = PBXFileReference; lastKnownFileType = sourcecode.swift; path = PromptView.swift; sourceTree = "<group>"; };
		5CCBEF9B29D20C8400F81063 /* ThumbnailView.swift */ = {isa = PBXFileReference; lastKnownFileType = sourcecode.swift; path = ThumbnailView.swift; sourceTree = "<group>"; };
		5CD517F129BEA94C0087409B /* HelpRequestFormView.swift */ = {isa = PBXFileReference; lastKnownFileType = sourcecode.swift; path = HelpRequestFormView.swift; sourceTree = "<group>"; };
		5CD517F329BEAA220087409B /* ProgressBarView.swift */ = {isa = PBXFileReference; lastKnownFileType = sourcecode.swift; path = ProgressBarView.swift; sourceTree = "<group>"; };
		5CD517F529BEB7260087409B /* CriticalSituationItemView.swift */ = {isa = PBXFileReference; lastKnownFileType = sourcecode.swift; path = CriticalSituationItemView.swift; sourceTree = "<group>"; };
		5CF827F329D4E6920035A8DA /* OnboardingTutorialView.swift */ = {isa = PBXFileReference; lastKnownFileType = sourcecode.swift; path = OnboardingTutorialView.swift; sourceTree = "<group>"; };
		5CFE169029950F4A001DF260 /* SessionWebRepository.swift */ = {isa = PBXFileReference; lastKnownFileType = sourcecode.swift; path = SessionWebRepository.swift; sourceTree = "<group>"; };
		5CFE169329951073001DF260 /* SessionEndpoints.swift */ = {isa = PBXFileReference; lastKnownFileType = sourcecode.swift; path = SessionEndpoints.swift; sourceTree = "<group>"; };
		5CFE16952995107C001DF260 /* AccountCreationEndpoints.swift */ = {isa = PBXFileReference; lastKnownFileType = sourcecode.swift; path = AccountCreationEndpoints.swift; sourceTree = "<group>"; };
		5CFE1697299510B8001DF260 /* EndpointProtocol.swift */ = {isa = PBXFileReference; lastKnownFileType = sourcecode.swift; path = EndpointProtocol.swift; sourceTree = "<group>"; };
		5CFE169C29951AF9001DF260 /* Interactors.swift */ = {isa = PBXFileReference; lastKnownFileType = sourcecode.swift; path = Interactors.swift; sourceTree = "<group>"; };
		5CFE169F2995997E001DF260 /* SceneDelegate.swift */ = {isa = PBXFileReference; lastKnownFileType = sourcecode.swift; path = SceneDelegate.swift; sourceTree = "<group>"; };
/* End PBXFileReference section */

/* Begin PBXFrameworksBuildPhase section */
		5C50CBE52989A3CE008AEDA7 /* Frameworks */ = {
			isa = PBXFrameworksBuildPhase;
			buildActionMask = 2147483647;
			files = (
				5C27C0A329B8C3CF008C1A0B /* TouchVisualizer.xcframework in Frameworks */,
				5C37283829D0B07F00FF32D1 /* SocketIO in Frameworks */,
				5C16CBAA29D553E200ADAF0D /* Lottie in Frameworks */,
			);
			runOnlyForDeploymentPostprocessing = 0;
		};
		5C50CBF52989A3D1008AEDA7 /* Frameworks */ = {
			isa = PBXFrameworksBuildPhase;
			buildActionMask = 2147483647;
			files = (
			);
			runOnlyForDeploymentPostprocessing = 0;
		};
		5C50CBFF2989A3D1008AEDA7 /* Frameworks */ = {
			isa = PBXFrameworksBuildPhase;
			buildActionMask = 2147483647;
			files = (
			);
			runOnlyForDeploymentPostprocessing = 0;
		};
/* End PBXFrameworksBuildPhase section */

/* Begin PBXGroup section */
		5C27C09C29B8BF85008C1A0B /* Frameworks */ = {
			isa = PBXGroup;
			children = (
				5C27C0A229B8C3CE008C1A0B /* TouchVisualizer.xcframework */,
				5C27C09D29B8C1AB008C1A0B /* TouchVisualizer.xcframework */,
			);
			name = Frameworks;
			sourceTree = "<group>";
		};
		5C2E4DD9298B2913004A49B4 /* utitlity */ = {
			isa = PBXGroup;
			children = (
				5C2E4DDA298B2931004A49B4 /* Icons.swift */,
				5CB9FF9529CD431F00D85FAD /* TransparentSheet.swift */,
				5CB9FF9929CE134400D85FAD /* UndimmedDetents.swift */,
				5C2E4DDC298B2947004A49B4 /* Gradients.swift */,
				5C16CBAD29D5545200ADAF0D /* LottieView.swift */,
				5C2E4DDE298B299C004A49B4 /* Colors.swift */,
				5C2E4DE0298B3075004A49B4 /* Fields.swift */,
				5C2E4DE4298B35B3004A49B4 /* UISizes.swift */,
				5C2E4DF2298B47FD004A49B4 /* Buttons.swift */,
				5C2F022429A6A89C0068A61B /* Extensions.swift */,
			);
			path = utitlity;
			sourceTree = "<group>";
		};
		5C2E4DE6298B3E31004A49B4 /* Authentication */ = {
			isa = PBXGroup;
			children = (
				5C2E4DF7298B4CE5004A49B4 /* AuthRootView.swift */,
				5CC73ABE299E226800654047 /* SignUpFieldsView.swift */,
				5CC73AC0299E22AD00654047 /* SignInFieldsView.swift */,
				5CC73AC2299E22BA00654047 /* VerifyEmailView.swift */,
				5CC73AC4299E22C100654047 /* PermissionsView.swift */,
				5CF827F329D4E6920035A8DA /* OnboardingTutorialView.swift */,
			);
			path = Authentication;
			sourceTree = "<group>";
		};
		5C2E4DE9298B3E9F004A49B4 /* Request */ = {
			isa = PBXGroup;
			children = (
				5CD517F129BEA94C0087409B /* HelpRequestFormView.swift */,
				5CCBEF9929D20C7B00F81063 /* PromptView.swift */,
				5CCBEF9B29D20C8400F81063 /* ThumbnailView.swift */,
				5CB9FF9729CD901400D85FAD /* HelpRequestState.swift */,
				5CB9FF9129CD423900D85FAD /* VictimHelpRequestView.swift */,
				5C63C69A29D48F0500FF2632 /* UserLocationPin.swift */,
				5CB9FF9329CD424700D85FAD /* RespondentHelpRequestView.swift */,
				5C56000029BF41EA007CB3E2 /* FormComponents */,
			);
			path = Request;
			sourceTree = "<group>";
		};
		5C2E4DEA298B3EAE004A49B4 /* Friends */ = {
			isa = PBXGroup;
			children = (
				5C2F022629A6A9950068A61B /* FriendListItemView.swift */,
				5C2F022829A6BB8E0068A61B /* AddNewFriendsView.swift */,
			);
			path = Friends;
			sourceTree = "<group>";
		};
		5C2E4DEB298B3EB7004A49B4 /* Account */ = {
			isa = PBXGroup;
			children = (
			);
			path = Account;
			sourceTree = "<group>";
		};
		5C2E4DF4298B4AD4004A49B4 /* State */ = {
			isa = PBXGroup;
			children = (
				5C2E4DF5298B4ADE004A49B4 /* AppState.swift */,
				5CC73AC6299E230700654047 /* AuthState.swift */,
				5C37283429CE3FDA00FF32D1 /* LocationTracker.swift */,
			);
			path = State;
			sourceTree = "<group>";
		};
		5C50CBDF2989A3CE008AEDA7 = {
			isa = PBXGroup;
			children = (
				5C50CBEA2989A3CE008AEDA7 /* Help App */,
				5C50CBFB2989A3D1008AEDA7 /* Help AppTests */,
				5C50CC052989A3D1008AEDA7 /* Help AppUITests */,
				5C50CBE92989A3CE008AEDA7 /* Products */,
				5C27C09C29B8BF85008C1A0B /* Frameworks */,
			);
			sourceTree = "<group>";
		};
		5C50CBE92989A3CE008AEDA7 /* Products */ = {
			isa = PBXGroup;
			children = (
				5C50CBE82989A3CE008AEDA7 /* Help App.app */,
				5C50CBF82989A3D1008AEDA7 /* Help AppTests.xctest */,
				5C50CC022989A3D1008AEDA7 /* Help AppUITests.xctest */,
			);
			name = Products;
			sourceTree = "<group>";
		};
		5C50CBEA2989A3CE008AEDA7 /* Help App */ = {
			isa = PBXGroup;
			children = (
				5C50CC172989A5C4008AEDA7 /* App */,
				5C2E4DF4298B4AD4004A49B4 /* State */,
				5C50CC1B2989A686008AEDA7 /* Views */,
				5C50CC1C2989A68E008AEDA7 /* Repositories */,
				5C50CC1A2989A5F5008AEDA7 /* Interactors */,
				5CC73AB1299DF22900654047 /* Models */,
				5CFE16922995105C001DF260 /* API */,
				5C50CC192989A5E8008AEDA7 /* Utility */,
				5CF827F229D4E5C80035A8DA /* AnimationAssets */,
				5C50CC162989A466008AEDA7 /* Help App.entitlements */,
				5C50CC152989A443008AEDA7 /* Help-App-Info.plist */,
				5C50CBEF2989A3D0008AEDA7 /* Assets.xcassets */,
				5C50CBF12989A3D0008AEDA7 /* Preview Content */,
			);
			path = "Help App";
			sourceTree = "<group>";
		};
		5C50CBF12989A3D0008AEDA7 /* Preview Content */ = {
			isa = PBXGroup;
			children = (
				5C50CBF22989A3D0008AEDA7 /* Preview Assets.xcassets */,
			);
			path = "Preview Content";
			sourceTree = "<group>";
		};
		5C50CBFB2989A3D1008AEDA7 /* Help AppTests */ = {
			isa = PBXGroup;
			children = (
				5C50CBFC2989A3D1008AEDA7 /* Help_AppTests.swift */,
				5C2E4DFD298BC1FC004A49B4 /* AuthenticationOperationsTest.swift */,
				5C2E4DFF298BC677004A49B4 /* AppStateInitialiser.swift */,
			);
			path = "Help AppTests";
			sourceTree = "<group>";
		};
		5C50CC052989A3D1008AEDA7 /* Help AppUITests */ = {
			isa = PBXGroup;
			children = (
				5C50CC062989A3D1008AEDA7 /* Help_AppUITests.swift */,
				5C50CC082989A3D1008AEDA7 /* Help_AppUITestsLaunchTests.swift */,
			);
			path = "Help AppUITests";
			sourceTree = "<group>";
		};
		5C50CC172989A5C4008AEDA7 /* App */ = {
			isa = PBXGroup;
			children = (
				5C50CBEB2989A3CE008AEDA7 /* AppDelegate.swift */,
				5CFE169F2995997E001DF260 /* SceneDelegate.swift */,
				5CC73AB6299E040A00654047 /* DependencyInjection.swift */,
				5CC73AB8299E04C900654047 /* Environment.swift */,
			);
			path = App;
			sourceTree = "<group>";
		};
		5C50CC192989A5E8008AEDA7 /* Utility */ = {
			isa = PBXGroup;
			children = (
				5CFE1697299510B8001DF260 /* EndpointProtocol.swift */,
				5C27C0AE29B92F2E008C1A0B /* KeychainHelper.swift */,
				5CC73AAB299DE3B000654047 /* WebRequestResultProtocol.swift */,
				5CC73AAF299DEB9100654047 /* URLSessionExtensions.swift */,
				5CC73AB4299DF6D600654047 /* APIErrors.swift */,
				5C50CC1D2989A6B8008AEDA7 /* Config.swift */,
				5C2E4DFB298BBF5A004A49B4 /* Enums.swift */,
				5C94796329A4F813006234E9 /* PermissionDescription.swift */,
				5C56FFFE29BF30B0007CB3E2 /* AppContentEnums.swift */,
			);
			path = Utility;
			sourceTree = "<group>";
		};
		5C50CC1A2989A5F5008AEDA7 /* Interactors */ = {
			isa = PBXGroup;
			children = (
				5CFE169C29951AF9001DF260 /* Interactors.swift */,
				5C37283B29D1E09B00FF32D1 /* LocationInteractor.swift */,
				5C2E4DF9298BBD0D004A49B4 /* SessionInteractor.swift */,
				5C6A8E6929C3101E007C6D55 /* HelpInteractor.swift */,
				5C37283929D0B26200FF32D1 /* SocketInteractor.swift */,
				5C27C0A829B8DC66008C1A0B /* UserInteractor.swift */,
				5C6A8E6129C13CCD007C6D55 /* AudioRecorder.swift */,
			);
			path = Interactors;
			sourceTree = "<group>";
		};
		5C50CC1B2989A686008AEDA7 /* Views */ = {
			isa = PBXGroup;
			children = (
				5C2E4DE7298B3E5F004A49B4 /* RootView.swift */,
				5C50CBED2989A3CE008AEDA7 /* ContentView.swift */,
				5CFE169E299598D2001DF260 /* Tabs */,
				5C2E4DEB298B3EB7004A49B4 /* Account */,
				5C2E4DEA298B3EAE004A49B4 /* Friends */,
				5C2E4DE9298B3E9F004A49B4 /* Request */,
				5C2E4DE6298B3E31004A49B4 /* Authentication */,
				5C2E4DD9298B2913004A49B4 /* utitlity */,
			);
			path = Views;
			sourceTree = "<group>";
		};
		5C50CC1C2989A68E008AEDA7 /* Repositories */ = {
			isa = PBXGroup;
			children = (
				5CFE169029950F4A001DF260 /* SessionWebRepository.swift */,
				5C27C0A629B8DC60008C1A0B /* UserWebRepository.swift */,
				5C6A8E6529C30990007C6D55 /* HelpWebRepository.swift */,
				5C37283D29D1E0A700FF32D1 /* LocationRepository.swift */,
				5CC73ABC299E0BF600654047 /* Repositories.swift */,
			);
			path = Repositories;
			sourceTree = "<group>";
		};
		5C56000029BF41EA007CB3E2 /* FormComponents */ = {
			isa = PBXGroup;
			children = (
				5CD517F529BEB7260087409B /* CriticalSituationItemView.swift */,
				5C56000329BF6265007CB3E2 /* FriendFormView.swift */,
				5C56000529BF683D007CB3E2 /* FriendFormItemView.swift */,
				5C56533F29C03A5D006E3F5E /* NoteFormView.swift */,
				5C56000129BF4245007CB3E2 /* CriticalSituationCategoryFormView.swift */,
				5CD517F329BEAA220087409B /* ProgressBarView.swift */,
			);
			path = FormComponents;
			sourceTree = "<group>";
		};
		5CC73AB1299DF22900654047 /* Models */ = {
			isa = PBXGroup;
			children = (
				5C94796129A40E51006234E9 /* AuthFlowModels.swift */,
				5C27C0AC29B8E562008C1A0B /* UserModels.swift */,
				5CC73ABA299E086E00654047 /* ResponseModel.swift */,
				5C6A8E6329C2FD6F007C6D55 /* HelpRequestModels.swift */,
			);
			path = Models;
			sourceTree = "<group>";
		};
		5CF827F229D4E5C80035A8DA /* AnimationAssets */ = {
			isa = PBXGroup;
			children = (
				5C16CBAB29D553FD00ADAF0D /* emailAnimation.json */,
			);
			path = AnimationAssets;
			sourceTree = "<group>";
		};
		5CFE16922995105C001DF260 /* API */ = {
			isa = PBXGroup;
			children = (
				5CC73AAD299DE4DC00654047 /* RepositoryResponse.swift */,
				5CFE169329951073001DF260 /* SessionEndpoints.swift */,
				5C27C0AA29B8E210008C1A0B /* UserEndpoints.swift */,
				5C6A8E6729C30DD9007C6D55 /* HelpRequestEndpoints.swift */,
				5CFE16952995107C001DF260 /* AccountCreationEndpoints.swift */,
			);
			path = API;
			sourceTree = "<group>";
		};
		5CFE169E299598D2001DF260 /* Tabs */ = {
			isa = PBXGroup;
			children = (
				5C2E4DEC298B3ECE004A49B4 /* HomeTabView.swift */,
				5C2E4DEE298B3EDA004A49B4 /* FriendsTabView.swift */,
				5C2E4DF0298B3EE4004A49B4 /* AccountTabView.swift */,
			);
			path = Tabs;
			sourceTree = "<group>";
		};
/* End PBXGroup section */

/* Begin PBXNativeTarget section */
		5C50CBE72989A3CE008AEDA7 /* Help App */ = {
			isa = PBXNativeTarget;
			buildConfigurationList = 5C50CC0C2989A3D1008AEDA7 /* Build configuration list for PBXNativeTarget "Help App" */;
			buildPhases = (
				5C50CBE42989A3CE008AEDA7 /* Sources */,
				5C50CBE52989A3CE008AEDA7 /* Frameworks */,
				5C50CBE62989A3CE008AEDA7 /* Resources */,
				5C27C0A529B8C3CF008C1A0B /* Embed Frameworks */,
			);
			buildRules = (
			);
			dependencies = (
			);
			name = "Help App";
			packageProductDependencies = (
				5C37283729D0B07F00FF32D1 /* SocketIO */,
				5C16CBA929D553E200ADAF0D /* Lottie */,
			);
			productName = "Help App";
			productReference = 5C50CBE82989A3CE008AEDA7 /* Help App.app */;
			productType = "com.apple.product-type.application";
		};
		5C50CBF72989A3D1008AEDA7 /* Help AppTests */ = {
			isa = PBXNativeTarget;
			buildConfigurationList = 5C50CC0F2989A3D1008AEDA7 /* Build configuration list for PBXNativeTarget "Help AppTests" */;
			buildPhases = (
				5C50CBF42989A3D1008AEDA7 /* Sources */,
				5C50CBF52989A3D1008AEDA7 /* Frameworks */,
				5C50CBF62989A3D1008AEDA7 /* Resources */,
			);
			buildRules = (
			);
			dependencies = (
				5C50CBFA2989A3D1008AEDA7 /* PBXTargetDependency */,
			);
			name = "Help AppTests";
			productName = "Help AppTests";
			productReference = 5C50CBF82989A3D1008AEDA7 /* Help AppTests.xctest */;
			productType = "com.apple.product-type.bundle.unit-test";
		};
		5C50CC012989A3D1008AEDA7 /* Help AppUITests */ = {
			isa = PBXNativeTarget;
			buildConfigurationList = 5C50CC122989A3D1008AEDA7 /* Build configuration list for PBXNativeTarget "Help AppUITests" */;
			buildPhases = (
				5C50CBFE2989A3D1008AEDA7 /* Sources */,
				5C50CBFF2989A3D1008AEDA7 /* Frameworks */,
				5C50CC002989A3D1008AEDA7 /* Resources */,
			);
			buildRules = (
			);
			dependencies = (
				5C50CC042989A3D1008AEDA7 /* PBXTargetDependency */,
			);
			name = "Help AppUITests";
			productName = "Help AppUITests";
			productReference = 5C50CC022989A3D1008AEDA7 /* Help AppUITests.xctest */;
			productType = "com.apple.product-type.bundle.ui-testing";
		};
/* End PBXNativeTarget section */

/* Begin PBXProject section */
		5C50CBE02989A3CE008AEDA7 /* Project object */ = {
			isa = PBXProject;
			attributes = {
				BuildIndependentTargetsInParallel = 1;
				LastSwiftUpdateCheck = 1410;
				LastUpgradeCheck = 1410;
				TargetAttributes = {
					5C50CBE72989A3CE008AEDA7 = {
						CreatedOnToolsVersion = 14.1;
					};
					5C50CBF72989A3D1008AEDA7 = {
						CreatedOnToolsVersion = 14.1;
						TestTargetID = 5C50CBE72989A3CE008AEDA7;
					};
					5C50CC012989A3D1008AEDA7 = {
						CreatedOnToolsVersion = 14.1;
						TestTargetID = 5C50CBE72989A3CE008AEDA7;
					};
				};
			};
			buildConfigurationList = 5C50CBE32989A3CE008AEDA7 /* Build configuration list for PBXProject "Help App" */;
			compatibilityVersion = "Xcode 14.0";
			developmentRegion = en;
			hasScannedForEncodings = 0;
			knownRegions = (
				en,
				Base,
			);
			mainGroup = 5C50CBDF2989A3CE008AEDA7;
			packageReferences = (
				5C37283629D0B07F00FF32D1 /* XCRemoteSwiftPackageReference "socket" */,
				5C16CBA829D553E200ADAF0D /* XCRemoteSwiftPackageReference "lottie-ios" */,
			);
			productRefGroup = 5C50CBE92989A3CE008AEDA7 /* Products */;
			projectDirPath = "";
			projectRoot = "";
			targets = (
				5C50CBE72989A3CE008AEDA7 /* Help App */,
				5C50CBF72989A3D1008AEDA7 /* Help AppTests */,
				5C50CC012989A3D1008AEDA7 /* Help AppUITests */,
			);
		};
/* End PBXProject section */

/* Begin PBXResourcesBuildPhase section */
		5C50CBE62989A3CE008AEDA7 /* Resources */ = {
			isa = PBXResourcesBuildPhase;
			buildActionMask = 2147483647;
			files = (
				5C50CBF32989A3D0008AEDA7 /* Preview Assets.xcassets in Resources */,
				5C16CBAC29D553FD00ADAF0D /* emailAnimation.json in Resources */,
				5C50CBF02989A3D0008AEDA7 /* Assets.xcassets in Resources */,
			);
			runOnlyForDeploymentPostprocessing = 0;
		};
		5C50CBF62989A3D1008AEDA7 /* Resources */ = {
			isa = PBXResourcesBuildPhase;
			buildActionMask = 2147483647;
			files = (
			);
			runOnlyForDeploymentPostprocessing = 0;
		};
		5C50CC002989A3D1008AEDA7 /* Resources */ = {
			isa = PBXResourcesBuildPhase;
			buildActionMask = 2147483647;
			files = (
			);
			runOnlyForDeploymentPostprocessing = 0;
		};
/* End PBXResourcesBuildPhase section */

/* Begin PBXSourcesBuildPhase section */
		5C50CBE42989A3CE008AEDA7 /* Sources */ = {
			isa = PBXSourcesBuildPhase;
			buildActionMask = 2147483647;
			files = (
				5CC73AC3299E22BA00654047 /* VerifyEmailView.swift in Sources */,
				5C2F022729A6A9950068A61B /* FriendListItemView.swift in Sources */,
				5C2E4DDB298B2931004A49B4 /* Icons.swift in Sources */,
				5C56000629BF683D007CB3E2 /* FriendFormItemView.swift in Sources */,
				5CCBEF9A29D20C7B00F81063 /* PromptView.swift in Sources */,
				5C37283529CE3FDA00FF32D1 /* LocationTracker.swift in Sources */,
				5CC73AB5299DF6D600654047 /* APIErrors.swift in Sources */,
				5C2E4DDF298B299C004A49B4 /* Colors.swift in Sources */,
				5CD517F629BEB7260087409B /* CriticalSituationItemView.swift in Sources */,
				5CC73AB7299E040A00654047 /* DependencyInjection.swift in Sources */,
				5C2E4DF8298B4CE5004A49B4 /* AuthRootView.swift in Sources */,
				5C2E4DF1298B3EE4004A49B4 /* AccountTabView.swift in Sources */,
				5CC73AC5299E22C100654047 /* PermissionsView.swift in Sources */,
				5CC73AC1299E22AD00654047 /* SignInFieldsView.swift in Sources */,
				5CFE16962995107C001DF260 /* AccountCreationEndpoints.swift in Sources */,
				5CFE169129950F4A001DF260 /* SessionWebRepository.swift in Sources */,
				5C56534029C03A5D006E3F5E /* NoteFormView.swift in Sources */,
				5CFE16A02995997E001DF260 /* SceneDelegate.swift in Sources */,
				5C6A8E6429C2FD6F007C6D55 /* HelpRequestModels.swift in Sources */,
				5C27C0AB29B8E210008C1A0B /* UserEndpoints.swift in Sources */,
				5C6A8E6A29C3101E007C6D55 /* HelpInteractor.swift in Sources */,
				5CFE1698299510B8001DF260 /* EndpointProtocol.swift in Sources */,
				5C2E4DFA298BBD0D004A49B4 /* SessionInteractor.swift in Sources */,
				5C27C0AD29B8E562008C1A0B /* UserModels.swift in Sources */,
				5C2E4DFC298BBF5A004A49B4 /* Enums.swift in Sources */,
				5C2E4DF3298B47FD004A49B4 /* Buttons.swift in Sources */,
				5C2E4DDD298B2947004A49B4 /* Gradients.swift in Sources */,
				5C2F022929A6BB8E0068A61B /* AddNewFriendsView.swift in Sources */,
				5C56000429BF6265007CB3E2 /* FriendFormView.swift in Sources */,
				5C27C0AF29B92F2E008C1A0B /* KeychainHelper.swift in Sources */,
				5C50CBEE2989A3CE008AEDA7 /* ContentView.swift in Sources */,
				5CC73ABB299E086E00654047 /* ResponseModel.swift in Sources */,
				5CB9FF9829CD901400D85FAD /* HelpRequestState.swift in Sources */,
				5CB9FF9629CD431F00D85FAD /* TransparentSheet.swift in Sources */,
				5C6A8E6829C30DD9007C6D55 /* HelpRequestEndpoints.swift in Sources */,
				5CC73ABF299E226800654047 /* SignUpFieldsView.swift in Sources */,
				5CD517F229BEA94C0087409B /* HelpRequestFormView.swift in Sources */,
				5C56000229BF4245007CB3E2 /* CriticalSituationCategoryFormView.swift in Sources */,
				5C6A8E6629C30990007C6D55 /* HelpWebRepository.swift in Sources */,
				5C2E4DE5298B35B3004A49B4 /* UISizes.swift in Sources */,
				5C2E4DE8298B3E5F004A49B4 /* RootView.swift in Sources */,
				5CC73AAE299DE4DC00654047 /* RepositoryResponse.swift in Sources */,
				5C63C69B29D48F0500FF2632 /* UserLocationPin.swift in Sources */,
				5CFE169D29951AF9001DF260 /* Interactors.swift in Sources */,
				5C94796229A40E51006234E9 /* AuthFlowModels.swift in Sources */,
				5CC73AB9299E04C900654047 /* Environment.swift in Sources */,
				5C37283C29D1E09B00FF32D1 /* LocationInteractor.swift in Sources */,
				5CC73ABD299E0BF600654047 /* Repositories.swift in Sources */,
				5CCBEF9C29D20C8400F81063 /* ThumbnailView.swift in Sources */,
				5CC73AC7299E230700654047 /* AuthState.swift in Sources */,
				5C2E4DE1298B3075004A49B4 /* Fields.swift in Sources */,
				5CC73AAC299DE3B000654047 /* WebRequestResultProtocol.swift in Sources */,
				5C2E4DF6298B4ADE004A49B4 /* AppState.swift in Sources */,
				5CD517F429BEAA220087409B /* ProgressBarView.swift in Sources */,
				5C2E4DEF298B3EDA004A49B4 /* FriendsTabView.swift in Sources */,
				5CC73AB0299DEB9100654047 /* URLSessionExtensions.swift in Sources */,
				5C2E4DED298B3ECE004A49B4 /* HomeTabView.swift in Sources */,
				5C16CBAE29D5545200ADAF0D /* LottieView.swift in Sources */,
				5CF827F429D4E6920035A8DA /* OnboardingTutorialView.swift in Sources */,
				5CB9FF9229CD423900D85FAD /* VictimHelpRequestView.swift in Sources */,
				5C2F022529A6A89C0068A61B /* Extensions.swift in Sources */,
				5C37283E29D1E0A700FF32D1 /* LocationRepository.swift in Sources */,
				5C27C0A929B8DC66008C1A0B /* UserInteractor.swift in Sources */,
				5C56FFFF29BF30B0007CB3E2 /* AppContentEnums.swift in Sources */,
				5C6A8E6229C13CCD007C6D55 /* AudioRecorder.swift in Sources */,
				5C50CBEC2989A3CE008AEDA7 /* AppDelegate.swift in Sources */,
				5C37283A29D0B26200FF32D1 /* SocketInteractor.swift in Sources */,
				5CB9FF9A29CE134400D85FAD /* UndimmedDetents.swift in Sources */,
				5CFE169429951073001DF260 /* SessionEndpoints.swift in Sources */,
				5C27C0A729B8DC60008C1A0B /* UserWebRepository.swift in Sources */,
				5CB9FF9429CD424700D85FAD /* RespondentHelpRequestView.swift in Sources */,
				5C50CC1E2989A6B8008AEDA7 /* Config.swift in Sources */,
				5C94796429A4F813006234E9 /* PermissionDescription.swift in Sources */,
			);
			runOnlyForDeploymentPostprocessing = 0;
		};
		5C50CBF42989A3D1008AEDA7 /* Sources */ = {
			isa = PBXSourcesBuildPhase;
			buildActionMask = 2147483647;
			files = (
				5C2E4E00298BC677004A49B4 /* AppStateInitialiser.swift in Sources */,
				5C50CBFD2989A3D1008AEDA7 /* Help_AppTests.swift in Sources */,
				5C2E4DFE298BC1FC004A49B4 /* AuthenticationOperationsTest.swift in Sources */,
			);
			runOnlyForDeploymentPostprocessing = 0;
		};
		5C50CBFE2989A3D1008AEDA7 /* Sources */ = {
			isa = PBXSourcesBuildPhase;
			buildActionMask = 2147483647;
			files = (
				5C50CC092989A3D1008AEDA7 /* Help_AppUITestsLaunchTests.swift in Sources */,
				5C50CC072989A3D1008AEDA7 /* Help_AppUITests.swift in Sources */,
			);
			runOnlyForDeploymentPostprocessing = 0;
		};
/* End PBXSourcesBuildPhase section */

/* Begin PBXTargetDependency section */
		5C50CBFA2989A3D1008AEDA7 /* PBXTargetDependency */ = {
			isa = PBXTargetDependency;
			target = 5C50CBE72989A3CE008AEDA7 /* Help App */;
			targetProxy = 5C50CBF92989A3D1008AEDA7 /* PBXContainerItemProxy */;
		};
		5C50CC042989A3D1008AEDA7 /* PBXTargetDependency */ = {
			isa = PBXTargetDependency;
			target = 5C50CBE72989A3CE008AEDA7 /* Help App */;
			targetProxy = 5C50CC032989A3D1008AEDA7 /* PBXContainerItemProxy */;
		};
/* End PBXTargetDependency section */

/* Begin XCBuildConfiguration section */
		5C50CC0A2989A3D1008AEDA7 /* Debug */ = {
			isa = XCBuildConfiguration;
			buildSettings = {
				ALWAYS_SEARCH_USER_PATHS = NO;
				CLANG_ANALYZER_NONNULL = YES;
				CLANG_ANALYZER_NUMBER_OBJECT_CONVERSION = YES_AGGRESSIVE;
				CLANG_CXX_LANGUAGE_STANDARD = "gnu++20";
				CLANG_ENABLE_MODULES = YES;
				CLANG_ENABLE_OBJC_ARC = YES;
				CLANG_ENABLE_OBJC_WEAK = YES;
				CLANG_WARN_BLOCK_CAPTURE_AUTORELEASING = YES;
				CLANG_WARN_BOOL_CONVERSION = YES;
				CLANG_WARN_COMMA = YES;
				CLANG_WARN_CONSTANT_CONVERSION = YES;
				CLANG_WARN_DEPRECATED_OBJC_IMPLEMENTATIONS = YES;
				CLANG_WARN_DIRECT_OBJC_ISA_USAGE = YES_ERROR;
				CLANG_WARN_DOCUMENTATION_COMMENTS = YES;
				CLANG_WARN_EMPTY_BODY = YES;
				CLANG_WARN_ENUM_CONVERSION = YES;
				CLANG_WARN_INFINITE_RECURSION = YES;
				CLANG_WARN_INT_CONVERSION = YES;
				CLANG_WARN_NON_LITERAL_NULL_CONVERSION = YES;
				CLANG_WARN_OBJC_IMPLICIT_RETAIN_SELF = YES;
				CLANG_WARN_OBJC_LITERAL_CONVERSION = YES;
				CLANG_WARN_OBJC_ROOT_CLASS = YES_ERROR;
				CLANG_WARN_QUOTED_INCLUDE_IN_FRAMEWORK_HEADER = YES;
				CLANG_WARN_RANGE_LOOP_ANALYSIS = YES;
				CLANG_WARN_STRICT_PROTOTYPES = YES;
				CLANG_WARN_SUSPICIOUS_MOVE = YES;
				CLANG_WARN_UNGUARDED_AVAILABILITY = YES_AGGRESSIVE;
				CLANG_WARN_UNREACHABLE_CODE = YES;
				CLANG_WARN__DUPLICATE_METHOD_MATCH = YES;
				COPY_PHASE_STRIP = NO;
				DEBUG_INFORMATION_FORMAT = dwarf;
				ENABLE_STRICT_OBJC_MSGSEND = YES;
				ENABLE_TESTABILITY = YES;
				GCC_C_LANGUAGE_STANDARD = gnu11;
				GCC_DYNAMIC_NO_PIC = NO;
				GCC_NO_COMMON_BLOCKS = YES;
				GCC_OPTIMIZATION_LEVEL = 0;
				GCC_PREPROCESSOR_DEFINITIONS = (
					"DEBUG=1",
					"$(inherited)",
				);
				GCC_WARN_64_TO_32_BIT_CONVERSION = YES;
				GCC_WARN_ABOUT_RETURN_TYPE = YES_ERROR;
				GCC_WARN_UNDECLARED_SELECTOR = YES;
				GCC_WARN_UNINITIALIZED_AUTOS = YES_AGGRESSIVE;
				GCC_WARN_UNUSED_FUNCTION = YES;
				GCC_WARN_UNUSED_VARIABLE = YES;
				IPHONEOS_DEPLOYMENT_TARGET = 16.1;
				MTL_ENABLE_DEBUG_INFO = INCLUDE_SOURCE;
				MTL_FAST_MATH = YES;
				ONLY_ACTIVE_ARCH = YES;
				SDKROOT = iphoneos;
				SWIFT_ACTIVE_COMPILATION_CONDITIONS = DEBUG;
				SWIFT_OPTIMIZATION_LEVEL = "-Onone";
			};
			name = Debug;
		};
		5C50CC0B2989A3D1008AEDA7 /* Release */ = {
			isa = XCBuildConfiguration;
			buildSettings = {
				ALWAYS_SEARCH_USER_PATHS = NO;
				CLANG_ANALYZER_NONNULL = YES;
				CLANG_ANALYZER_NUMBER_OBJECT_CONVERSION = YES_AGGRESSIVE;
				CLANG_CXX_LANGUAGE_STANDARD = "gnu++20";
				CLANG_ENABLE_MODULES = YES;
				CLANG_ENABLE_OBJC_ARC = YES;
				CLANG_ENABLE_OBJC_WEAK = YES;
				CLANG_WARN_BLOCK_CAPTURE_AUTORELEASING = YES;
				CLANG_WARN_BOOL_CONVERSION = YES;
				CLANG_WARN_COMMA = YES;
				CLANG_WARN_CONSTANT_CONVERSION = YES;
				CLANG_WARN_DEPRECATED_OBJC_IMPLEMENTATIONS = YES;
				CLANG_WARN_DIRECT_OBJC_ISA_USAGE = YES_ERROR;
				CLANG_WARN_DOCUMENTATION_COMMENTS = YES;
				CLANG_WARN_EMPTY_BODY = YES;
				CLANG_WARN_ENUM_CONVERSION = YES;
				CLANG_WARN_INFINITE_RECURSION = YES;
				CLANG_WARN_INT_CONVERSION = YES;
				CLANG_WARN_NON_LITERAL_NULL_CONVERSION = YES;
				CLANG_WARN_OBJC_IMPLICIT_RETAIN_SELF = YES;
				CLANG_WARN_OBJC_LITERAL_CONVERSION = YES;
				CLANG_WARN_OBJC_ROOT_CLASS = YES_ERROR;
				CLANG_WARN_QUOTED_INCLUDE_IN_FRAMEWORK_HEADER = YES;
				CLANG_WARN_RANGE_LOOP_ANALYSIS = YES;
				CLANG_WARN_STRICT_PROTOTYPES = YES;
				CLANG_WARN_SUSPICIOUS_MOVE = YES;
				CLANG_WARN_UNGUARDED_AVAILABILITY = YES_AGGRESSIVE;
				CLANG_WARN_UNREACHABLE_CODE = YES;
				CLANG_WARN__DUPLICATE_METHOD_MATCH = YES;
				COPY_PHASE_STRIP = NO;
				DEBUG_INFORMATION_FORMAT = "dwarf-with-dsym";
				ENABLE_NS_ASSERTIONS = NO;
				ENABLE_STRICT_OBJC_MSGSEND = YES;
				GCC_C_LANGUAGE_STANDARD = gnu11;
				GCC_NO_COMMON_BLOCKS = YES;
				GCC_WARN_64_TO_32_BIT_CONVERSION = YES;
				GCC_WARN_ABOUT_RETURN_TYPE = YES_ERROR;
				GCC_WARN_UNDECLARED_SELECTOR = YES;
				GCC_WARN_UNINITIALIZED_AUTOS = YES_AGGRESSIVE;
				GCC_WARN_UNUSED_FUNCTION = YES;
				GCC_WARN_UNUSED_VARIABLE = YES;
				IPHONEOS_DEPLOYMENT_TARGET = 16.1;
				MTL_ENABLE_DEBUG_INFO = NO;
				MTL_FAST_MATH = YES;
				SDKROOT = iphoneos;
				SWIFT_COMPILATION_MODE = wholemodule;
				SWIFT_OPTIMIZATION_LEVEL = "-O";
				VALIDATE_PRODUCT = YES;
			};
			name = Release;
		};
		5C50CC0D2989A3D1008AEDA7 /* Debug */ = {
			isa = XCBuildConfiguration;
			buildSettings = {
				ASSETCATALOG_COMPILER_APPICON_NAME = AppIcon;
				ASSETCATALOG_COMPILER_GLOBAL_ACCENT_COLOR_NAME = AccentColor;
				CODE_SIGN_ENTITLEMENTS = "Help App/Help App.entitlements";
				CODE_SIGN_STYLE = Automatic;
				CURRENT_PROJECT_VERSION = 1;
				DEVELOPMENT_ASSET_PATHS = "\"Help App/Preview Content\"";
				DEVELOPMENT_TEAM = T2CYFJJCXQ;
				ENABLE_PREVIEWS = YES;
				GENERATE_INFOPLIST_FILE = YES;
				INFOPLIST_FILE = "Help-App-Info.plist";
				INFOPLIST_KEY_CFBundleDisplayName = Help;
				INFOPLIST_KEY_UIApplicationSceneManifest_Generation = YES;
				INFOPLIST_KEY_UIApplicationSupportsIndirectInputEvents = YES;
				INFOPLIST_KEY_UILaunchScreen_Generation = YES;
				INFOPLIST_KEY_UISupportedInterfaceOrientations = UIInterfaceOrientationPortrait;
				INFOPLIST_KEY_UISupportedInterfaceOrientations_iPad = "UIInterfaceOrientationLandscapeLeft UIInterfaceOrientationLandscapeRight UIInterfaceOrientationPortrait UIInterfaceOrientationPortraitUpsideDown";
				IPHONEOS_DEPLOYMENT_TARGET = 16.0;
				LD_RUNPATH_SEARCH_PATHS = (
					"$(inherited)",
					"@executable_path/Frameworks",
				);
				MARKETING_VERSION = 1.0;
				PRODUCT_BUNDLE_IDENTIFIER = helpapp.ios;
				PRODUCT_NAME = "$(TARGET_NAME)";
				SUPPORTED_PLATFORMS = "iphoneos iphonesimulator";
				SUPPORTS_MACCATALYST = NO;
				SUPPORTS_MAC_DESIGNED_FOR_IPHONE_IPAD = NO;
				SWIFT_EMIT_LOC_STRINGS = YES;
				SWIFT_VERSION = 5.0;
				TARGETED_DEVICE_FAMILY = 1;
			};
			name = Debug;
		};
		5C50CC0E2989A3D1008AEDA7 /* Release */ = {
			isa = XCBuildConfiguration;
			buildSettings = {
				ASSETCATALOG_COMPILER_APPICON_NAME = AppIcon;
				ASSETCATALOG_COMPILER_GLOBAL_ACCENT_COLOR_NAME = AccentColor;
				CODE_SIGN_ENTITLEMENTS = "Help App/Help App.entitlements";
				CODE_SIGN_STYLE = Automatic;
				CURRENT_PROJECT_VERSION = 1;
				DEVELOPMENT_ASSET_PATHS = "\"Help App/Preview Content\"";
				DEVELOPMENT_TEAM = T2CYFJJCXQ;
				ENABLE_PREVIEWS = YES;
				GENERATE_INFOPLIST_FILE = YES;
				INFOPLIST_FILE = "Help-App-Info.plist";
				INFOPLIST_KEY_CFBundleDisplayName = Help;
				INFOPLIST_KEY_UIApplicationSceneManifest_Generation = YES;
				INFOPLIST_KEY_UIApplicationSupportsIndirectInputEvents = YES;
				INFOPLIST_KEY_UILaunchScreen_Generation = YES;
				INFOPLIST_KEY_UISupportedInterfaceOrientations = UIInterfaceOrientationPortrait;
				INFOPLIST_KEY_UISupportedInterfaceOrientations_iPad = "UIInterfaceOrientationLandscapeLeft UIInterfaceOrientationLandscapeRight UIInterfaceOrientationPortrait UIInterfaceOrientationPortraitUpsideDown";
				IPHONEOS_DEPLOYMENT_TARGET = 16.0;
				LD_RUNPATH_SEARCH_PATHS = (
					"$(inherited)",
					"@executable_path/Frameworks",
				);
				MARKETING_VERSION = 1.0;
				PRODUCT_BUNDLE_IDENTIFIER = helpapp.ios;
				PRODUCT_NAME = "$(TARGET_NAME)";
				SUPPORTED_PLATFORMS = "iphoneos iphonesimulator";
				SUPPORTS_MACCATALYST = NO;
				SUPPORTS_MAC_DESIGNED_FOR_IPHONE_IPAD = NO;
				SWIFT_EMIT_LOC_STRINGS = YES;
				SWIFT_VERSION = 5.0;
				TARGETED_DEVICE_FAMILY = 1;
			};
			name = Release;
		};
		5C50CC102989A3D1008AEDA7 /* Debug */ = {
			isa = XCBuildConfiguration;
			buildSettings = {
				ALWAYS_EMBED_SWIFT_STANDARD_LIBRARIES = YES;
				BUNDLE_LOADER = "$(TEST_HOST)";
				CODE_SIGN_STYLE = Automatic;
				CURRENT_PROJECT_VERSION = 1;
				DEVELOPMENT_TEAM = T2CYFJJCXQ;
				GENERATE_INFOPLIST_FILE = YES;
				IPHONEOS_DEPLOYMENT_TARGET = 16.1;
				MARKETING_VERSION = 1.0;
				PRODUCT_BUNDLE_IDENTIFIER = "helpapp.ios.Help-AppTests";
				PRODUCT_NAME = "$(TARGET_NAME)";
				SWIFT_EMIT_LOC_STRINGS = NO;
				SWIFT_VERSION = 5.0;
				TARGETED_DEVICE_FAMILY = "1,2";
				TEST_HOST = "$(BUILT_PRODUCTS_DIR)/Help App.app/$(BUNDLE_EXECUTABLE_FOLDER_PATH)/Help App";
			};
			name = Debug;
		};
		5C50CC112989A3D1008AEDA7 /* Release */ = {
			isa = XCBuildConfiguration;
			buildSettings = {
				ALWAYS_EMBED_SWIFT_STANDARD_LIBRARIES = YES;
				BUNDLE_LOADER = "$(TEST_HOST)";
				CODE_SIGN_STYLE = Automatic;
				CURRENT_PROJECT_VERSION = 1;
				DEVELOPMENT_TEAM = T2CYFJJCXQ;
				GENERATE_INFOPLIST_FILE = YES;
				IPHONEOS_DEPLOYMENT_TARGET = 16.1;
				MARKETING_VERSION = 1.0;
				PRODUCT_BUNDLE_IDENTIFIER = "helpapp.ios.Help-AppTests";
				PRODUCT_NAME = "$(TARGET_NAME)";
				SWIFT_EMIT_LOC_STRINGS = NO;
				SWIFT_VERSION = 5.0;
				TARGETED_DEVICE_FAMILY = "1,2";
				TEST_HOST = "$(BUILT_PRODUCTS_DIR)/Help App.app/$(BUNDLE_EXECUTABLE_FOLDER_PATH)/Help App";
			};
			name = Release;
		};
		5C50CC132989A3D1008AEDA7 /* Debug */ = {
			isa = XCBuildConfiguration;
			buildSettings = {
				ALWAYS_EMBED_SWIFT_STANDARD_LIBRARIES = YES;
				CODE_SIGN_STYLE = Automatic;
				CURRENT_PROJECT_VERSION = 1;
				DEVELOPMENT_TEAM = T2CYFJJCXQ;
				GENERATE_INFOPLIST_FILE = YES;
				MARKETING_VERSION = 1.0;
				PRODUCT_BUNDLE_IDENTIFIER = "helpapp.ios.Help-AppUITests";
				PRODUCT_NAME = "$(TARGET_NAME)";
				SWIFT_EMIT_LOC_STRINGS = NO;
				SWIFT_VERSION = 5.0;
				TARGETED_DEVICE_FAMILY = "1,2";
				TEST_TARGET_NAME = "Help App";
			};
			name = Debug;
		};
		5C50CC142989A3D1008AEDA7 /* Release */ = {
			isa = XCBuildConfiguration;
			buildSettings = {
				ALWAYS_EMBED_SWIFT_STANDARD_LIBRARIES = YES;
				CODE_SIGN_STYLE = Automatic;
				CURRENT_PROJECT_VERSION = 1;
				DEVELOPMENT_TEAM = T2CYFJJCXQ;
				GENERATE_INFOPLIST_FILE = YES;
				MARKETING_VERSION = 1.0;
				PRODUCT_BUNDLE_IDENTIFIER = "helpapp.ios.Help-AppUITests";
				PRODUCT_NAME = "$(TARGET_NAME)";
				SWIFT_EMIT_LOC_STRINGS = NO;
				SWIFT_VERSION = 5.0;
				TARGETED_DEVICE_FAMILY = "1,2";
				TEST_TARGET_NAME = "Help App";
			};
			name = Release;
		};
/* End XCBuildConfiguration section */

/* Begin XCConfigurationList section */
		5C50CBE32989A3CE008AEDA7 /* Build configuration list for PBXProject "Help App" */ = {
			isa = XCConfigurationList;
			buildConfigurations = (
				5C50CC0A2989A3D1008AEDA7 /* Debug */,
				5C50CC0B2989A3D1008AEDA7 /* Release */,
			);
			defaultConfigurationIsVisible = 0;
			defaultConfigurationName = Release;
		};
		5C50CC0C2989A3D1008AEDA7 /* Build configuration list for PBXNativeTarget "Help App" */ = {
			isa = XCConfigurationList;
			buildConfigurations = (
				5C50CC0D2989A3D1008AEDA7 /* Debug */,
				5C50CC0E2989A3D1008AEDA7 /* Release */,
			);
			defaultConfigurationIsVisible = 0;
			defaultConfigurationName = Release;
		};
		5C50CC0F2989A3D1008AEDA7 /* Build configuration list for PBXNativeTarget "Help AppTests" */ = {
			isa = XCConfigurationList;
			buildConfigurations = (
				5C50CC102989A3D1008AEDA7 /* Debug */,
				5C50CC112989A3D1008AEDA7 /* Release */,
			);
			defaultConfigurationIsVisible = 0;
			defaultConfigurationName = Release;
		};
		5C50CC122989A3D1008AEDA7 /* Build configuration list for PBXNativeTarget "Help AppUITests" */ = {
			isa = XCConfigurationList;
			buildConfigurations = (
				5C50CC132989A3D1008AEDA7 /* Debug */,
				5C50CC142989A3D1008AEDA7 /* Release */,
			);
			defaultConfigurationIsVisible = 0;
			defaultConfigurationName = Release;
		};
/* End XCConfigurationList section */

/* Begin XCRemoteSwiftPackageReference section */
		5C16CBA829D553E200ADAF0D /* XCRemoteSwiftPackageReference "lottie-ios" */ = {
			isa = XCRemoteSwiftPackageReference;
			repositoryURL = "https://github.com/airbnb/lottie-ios";
			requirement = {
				branch = master;
				kind = branch;
			};
		};
		5C37283629D0B07F00FF32D1 /* XCRemoteSwiftPackageReference "socket" */ = {
			isa = XCRemoteSwiftPackageReference;
			repositoryURL = "https://github.com/socketio/socket.io-client-swift";
			requirement = {
				branch = master;
				kind = branch;
			};
		};
/* End XCRemoteSwiftPackageReference section */

/* Begin XCSwiftPackageProductDependency section */
		5C16CBA929D553E200ADAF0D /* Lottie */ = {
			isa = XCSwiftPackageProductDependency;
			package = 5C16CBA829D553E200ADAF0D /* XCRemoteSwiftPackageReference "lottie-ios" */;
			productName = Lottie;
		};
		5C37283729D0B07F00FF32D1 /* SocketIO */ = {
			isa = XCSwiftPackageProductDependency;
			package = 5C37283629D0B07F00FF32D1 /* XCRemoteSwiftPackageReference "socket" */;
			productName = SocketIO;
		};
/* End XCSwiftPackageProductDependency section */
	};
	rootObject = 5C50CBE02989A3CE008AEDA7 /* Project object */;
}
